
Microsoft Visual Studio Solution File, Format Version 12.00
# Visual Studio 15
VisualStudioVersion = 15.0.28307.421
MinimumVisualStudioVersion = 10.0.40219.1
Project("{FAE04EC0-301F-11D3-BF4B-00C04F79EFBC}") = "Restserviceeksamen", "Restserviceeksamen\Restserviceeksamen.csproj", "{81B8D9F1-FC83-44FA-A92A-99CC430D6804}"
EndProject
Global
	GlobalSection(SolutionConfigurationPlatforms) = preSolution
		Debug|Any CPU = Debug|Any CPU
		Release|Any CPU = Release|Any CPU
	EndGlobalSection
	GlobalSection(ProjectConfigurationPlatforms) = postSolution
		{81B8D9F1-FC83-44FA-A92A-99CC430D6804}.Debug|Any CPU.ActiveCfg = Debug|Any CPU
		{81B8D9F1-FC83-44FA-A92A-99CC430D6804}.Debug|Any CPU.Build.0 = Debug|Any CPU
		{81B8D9F1-FC83-44FA-A92A-99CC430D6804}.Release|Any CPU.ActiveCfg = Release|Any CPU
		{81B8D9F1-FC83-44FA-A92A-99CC430D6804}.Release|Any CPU.Build.0 = Release|Any CPU
	EndGlobalSection
	GlobalSection(SolutionProperties) = preSolution
		HideSolutionNode = FALSE
	EndGlobalSection
	GlobalSection(ExtensibilityGlobals) = postSolution
		SolutionGuid = {BA77F3D7-5161-4134-AA07-2CC59B65264C}
	EndGlobalSection
EndGlobal
